{
  "name": "fit3077-assignment-2",
  "version": "0.0.2",
  "lockfileVersion": 1,
  "requires": true,
  "dependencies": {
    "@types/react": {
      "version": "15.0.38",
      "resolved": "https://registry.npmjs.org/@types/react/-/react-15.0.38.tgz",
      "integrity": "sha512-CkRB27L/kMDu7K20U0V7BwYK9/kPd9Im6Jlxv2vAEolYBvQy6JrSpPJsbZXtOk4MoDUomkct8Q7PNBUSLd0fmg=="
    },
    "@types/react-dom": {
      "version": "15.5.1",
      "resolved": "https://registry.npmjs.org/@types/react-dom/-/react-dom-15.5.1.tgz",
      "integrity": "sha512-4c+e/QPfvSa48YhgGOcQWoHishTo6BuJqka0Bh8qeLdnK1jS+1Nz8W/w1G17AIjtLxONYFUqmi8qyt+8p/yMFA==",
      "requires": {
        "@types/react": "15.0.38"
      }
    }
  }
}
